
Microsoft Visual Studio Solution File, Format Version 12.00
# Visual Studio Version 16
VisualStudioVersion = 16.0.31702.278
MinimumVisualStudioVersion = 10.0.40219.1
Project("{FAE04EC0-301F-11D3-BF4B-00C04F79EFBC}") = "WindowsFormsApp1", "WindowsFormsApp1\WindowsFormsApp1.csproj", "{EE90A233-3024-4226-8475-3FE16D793DED}"
EndProject
Global
	GlobalSection(SolutionConfigurationPlatforms) = preSolution
		Debug|Any CPU = Debug|Any CPU
		Release|Any CPU = Release|Any CPU
	EndGlobalSection
	GlobalSection(ProjectConfigurationPlatforms) = postSolution
		{EE90A233-3024-4226-8475-3FE16D793DED}.Debug|Any CPU.ActiveCfg = Debug|Any CPU
		{EE90A233-3024-4226-8475-3FE16D793DED}.Debug|Any CPU.Build.0 = Debug|Any CPU
		{EE90A233-3024-4226-8475-3FE16D793DED}.Release|Any CPU.ActiveCfg = Release|Any CPU
		{EE90A233-3024-4226-8475-3FE16D793DED}.Release|Any CPU.Build.0 = Release|Any CPU
	EndGlobalSection
	GlobalSection(SolutionProperties) = preSolution
		HideSolutionNode = FALSE
	EndGlobalSection
	GlobalSection(ExtensibilityGlobals) = postSolution
		SolutionGuid = {286F8C9A-53BB-428F-B462-E5D9E960C39C}
	EndGlobalSection
EndGlobal
